
Microsoft Visual Studio Solution File, Format Version 12.00
# Visual Studio Version 17
VisualStudioVersion = 17.3.32825.248
MinimumVisualStudioVersion = 10.0.40219.1
Project("{9A19103F-16F7-4668-BE54-9A1E7A4F7556}") = "SharpFlow.Engine", "SharpFlow.Engine\SharpFlow.Engine.csproj", "{ACD22052-5655-4A52-869F-6BE7D36B5FEF}"
EndProject
Project("{9A19103F-16F7-4668-BE54-9A1E7A4F7556}") = "SharpFlow.Playground", "SharpFlow.Playground\SharpFlow.Playground.csproj", "{AE04F48F-4B98-4CB2-876A-13FCB7F518EF}"
EndProject
Project("{9A19103F-16F7-4668-BE54-9A1E7A4F7556}") = "SharpFlow.Editor", "SharpFlow.Editor\SharpFlow.Editor.csproj", "{18EDEA13-4225-4F09-807F-CB00D374755B}"
EndProject
Project("{FAE04EC0-301F-11D3-BF4B-00C04F79EFBC}") = "SharpFlow.Engine.Nodes", "SharpFlow.Engine.Nodes\SharpFlow.Engine.Nodes.csproj", "{703C9164-55D4-4064-94BF-B3562F9A1DB8}"
EndProject
Global
	GlobalSection(SolutionConfigurationPlatforms) = preSolution
		Debug|Any CPU = Debug|Any CPU
		Release|Any CPU = Release|Any CPU
	EndGlobalSection
	GlobalSection(ProjectConfigurationPlatforms) = postSolution
		{ACD22052-5655-4A52-869F-6BE7D36B5FEF}.Debug|Any CPU.ActiveCfg = Debug|Any CPU
		{ACD22052-5655-4A52-869F-6BE7D36B5FEF}.Debug|Any CPU.Build.0 = Debug|Any CPU
		{ACD22052-5655-4A52-869F-6BE7D36B5FEF}.Release|Any CPU.ActiveCfg = Release|Any CPU
		{ACD22052-5655-4A52-869F-6BE7D36B5FEF}.Release|Any CPU.Build.0 = Release|Any CPU
		{AE04F48F-4B98-4CB2-876A-13FCB7F518EF}.Debug|Any CPU.ActiveCfg = Debug|Any CPU
		{AE04F48F-4B98-4CB2-876A-13FCB7F518EF}.Debug|Any CPU.Build.0 = Debug|Any CPU
		{AE04F48F-4B98-4CB2-876A-13FCB7F518EF}.Release|Any CPU.ActiveCfg = Release|Any CPU
		{AE04F48F-4B98-4CB2-876A-13FCB7F518EF}.Release|Any CPU.Build.0 = Release|Any CPU
		{18EDEA13-4225-4F09-807F-CB00D374755B}.Debug|Any CPU.ActiveCfg = Debug|Any CPU
		{18EDEA13-4225-4F09-807F-CB00D374755B}.Debug|Any CPU.Build.0 = Debug|Any CPU
		{18EDEA13-4225-4F09-807F-CB00D374755B}.Release|Any CPU.ActiveCfg = Release|Any CPU
		{18EDEA13-4225-4F09-807F-CB00D374755B}.Release|Any CPU.Build.0 = Release|Any CPU
		{703C9164-55D4-4064-94BF-B3562F9A1DB8}.Debug|Any CPU.ActiveCfg = Debug|Any CPU
		{703C9164-55D4-4064-94BF-B3562F9A1DB8}.Debug|Any CPU.Build.0 = Debug|Any CPU
		{703C9164-55D4-4064-94BF-B3562F9A1DB8}.Release|Any CPU.ActiveCfg = Release|Any CPU
		{703C9164-55D4-4064-94BF-B3562F9A1DB8}.Release|Any CPU.Build.0 = Release|Any CPU
	EndGlobalSection
	GlobalSection(SolutionProperties) = preSolution
		HideSolutionNode = FALSE
	EndGlobalSection
	GlobalSection(ExtensibilityGlobals) = postSolution
		SolutionGuid = {449DF3D3-6C95-4FEB-95EE-92D215A55B69}
	EndGlobalSection
EndGlobal
